
Microsoft Visual Studio Solution File, Format Version 12.00
# Visual Studio 2013
VisualStudioVersion = 12.0.31101.0
MinimumVisualStudioVersion = 10.0.40219.1
Project("{8BC9CEB8-8B4A-11D0-8D11-00A0C91BC942}") = "XRPoffline", "app\XRPoffline.vcxproj", "{6ABB54A1-3D31-35D6-A962-FD0157DCD005}"
	ProjectSection(ProjectDependencies) = postProject
		{304B85ED-6375-4A63-A9DF-09FA6B9E6397} = {304B85ED-6375-4A63-A9DF-09FA6B9E6397}
	EndProjectSection
EndProject
Project("{8BC9CEB8-8B4A-11D0-8D11-00A0C91BC942}") = "ripple", "ripple\ripple.vcxproj", "{304B85ED-6375-4A63-A9DF-09FA6B9E6397}"
EndProject
Global
	GlobalSection(SolutionConfigurationPlatforms) = preSolution
		Debug|Win32 = Debug|Win32
		Release|Win32 = Release|Win32
	EndGlobalSection
	GlobalSection(ProjectConfigurationPlatforms) = postSolution
		{6ABB54A1-3D31-35D6-A962-FD0157DCD005}.Debug|Win32.ActiveCfg = Debug|Win32
		{6ABB54A1-3D31-35D6-A962-FD0157DCD005}.Debug|Win32.Build.0 = Debug|Win32
		{6ABB54A1-3D31-35D6-A962-FD0157DCD005}.Release|Win32.ActiveCfg = Release|Win32
		{6ABB54A1-3D31-35D6-A962-FD0157DCD005}.Release|Win32.Build.0 = Release|Win32
		{304B85ED-6375-4A63-A9DF-09FA6B9E6397}.Debug|Win32.ActiveCfg = Debug|Win32
		{304B85ED-6375-4A63-A9DF-09FA6B9E6397}.Debug|Win32.Build.0 = Debug|Win32
		{304B85ED-6375-4A63-A9DF-09FA6B9E6397}.Release|Win32.ActiveCfg = Release|Win32
		{304B85ED-6375-4A63-A9DF-09FA6B9E6397}.Release|Win32.Build.0 = Release|Win32
	EndGlobalSection
	GlobalSection(SolutionProperties) = preSolution
		HideSolutionNode = FALSE
	EndGlobalSection
EndGlobal
